
Microsoft Visual Studio Solution File, Format Version 12.00
# Visual Studio Version 16
VisualStudioVersion = 25.0.1706.4
MinimumVisualStudioVersion = 10.0.40219.1
Project("{FAE04EC0-301F-11D3-BF4B-00C04F79EFBC}") = "DangXuat", "DangXuat\DangXuat.csproj", "{8E634BAF-C2ED-402E-AB89-830A1BE36750}"
EndProject
Global
	GlobalSection(SolutionConfigurationPlatforms) = preSolution
		Debug|Any CPU = Debug|Any CPU
		Release|Any CPU = Release|Any CPU
	EndGlobalSection
	GlobalSection(ProjectConfigurationPlatforms) = postSolution
		{8E634BAF-C2ED-402E-AB89-830A1BE36750}.Debug|Any CPU.ActiveCfg = Debug|Any CPU
		{8E634BAF-C2ED-402E-AB89-830A1BE36750}.Debug|Any CPU.Build.0 = Debug|Any CPU
		{8E634BAF-C2ED-402E-AB89-830A1BE36750}.Release|Any CPU.ActiveCfg = Release|Any CPU
		{8E634BAF-C2ED-402E-AB89-830A1BE36750}.Release|Any CPU.Build.0 = Release|Any CPU
	EndGlobalSection
	GlobalSection(SolutionProperties) = preSolution
		HideSolutionNode = FALSE
	EndGlobalSection
	GlobalSection(ExtensibilityGlobals) = postSolution
		SolutionGuid = {67BAEB70-2A53-4E83-8B6C-EFDDAF0EE157}
	EndGlobalSection
EndGlobal
