
Microsoft Visual Studio Solution File, Format Version 12.00
# Visual Studio Version 17
VisualStudioVersion = 17.11.35303.130
MinimumVisualStudioVersion = 10.0.40219.1
Project("{FAE04EC0-301F-11D3-BF4B-00C04F79EFBC}") = "QLCHThoiTrang", "QLCHThoiTrang\QLCHThoiTrang.csproj", "{A5F9F9F3-7669-4AFB-837F-0CFE96AE93B5}"
EndProject
Global
	GlobalSection(SolutionConfigurationPlatforms) = preSolution
		Debug|Any CPU = Debug|Any CPU
		Release|Any CPU = Release|Any CPU
	EndGlobalSection
	GlobalSection(ProjectConfigurationPlatforms) = postSolution
		{A5F9F9F3-7669-4AFB-837F-0CFE96AE93B5}.Debug|Any CPU.ActiveCfg = Debug|Any CPU
		{A5F9F9F3-7669-4AFB-837F-0CFE96AE93B5}.Debug|Any CPU.Build.0 = Debug|Any CPU
		{A5F9F9F3-7669-4AFB-837F-0CFE96AE93B5}.Release|Any CPU.ActiveCfg = Release|Any CPU
		{A5F9F9F3-7669-4AFB-837F-0CFE96AE93B5}.Release|Any CPU.Build.0 = Release|Any CPU
	EndGlobalSection
	GlobalSection(SolutionProperties) = preSolution
		HideSolutionNode = FALSE
	EndGlobalSection
	GlobalSection(ExtensibilityGlobals) = postSolution
		SolutionGuid = {357B11F6-5D72-4BEF-92A4-8F364EE4008E}
	EndGlobalSection
EndGlobal
